
Microsoft Visual Studio Solution File, Format Version 12.00
# Visual Studio Version 16
VisualStudioVersion = 16.0.31019.35
MinimumVisualStudioVersion = 10.0.40219.1
Project("{FAE04EC0-301F-11D3-BF4B-00C04F79EFBC}") = "CSM", "CSM\CSM.csproj", "{B7F30F1A-66AA-4324-AD4D-9ED197A8C5D2}"
EndProject
Project("{FAE04EC0-301F-11D3-BF4B-00C04F79EFBC}") = "Service", "Service\Service.csproj", "{12AC9E6A-A36A-4D89-AAED-1EC1A8697B81}"
EndProject
Global
	GlobalSection(SolutionConfigurationPlatforms) = preSolution
		Debug|Any CPU = Debug|Any CPU
		Release|Any CPU = Release|Any CPU
	EndGlobalSection
	GlobalSection(ProjectConfigurationPlatforms) = postSolution
		{B7F30F1A-66AA-4324-AD4D-9ED197A8C5D2}.Debug|Any CPU.ActiveCfg = Debug|Any CPU
		{B7F30F1A-66AA-4324-AD4D-9ED197A8C5D2}.Debug|Any CPU.Build.0 = Debug|Any CPU
		{B7F30F1A-66AA-4324-AD4D-9ED197A8C5D2}.Release|Any CPU.ActiveCfg = Release|Any CPU
		{B7F30F1A-66AA-4324-AD4D-9ED197A8C5D2}.Release|Any CPU.Build.0 = Release|Any CPU
		{12AC9E6A-A36A-4D89-AAED-1EC1A8697B81}.Debug|Any CPU.ActiveCfg = Debug|Any CPU
		{12AC9E6A-A36A-4D89-AAED-1EC1A8697B81}.Debug|Any CPU.Build.0 = Debug|Any CPU
		{12AC9E6A-A36A-4D89-AAED-1EC1A8697B81}.Release|Any CPU.ActiveCfg = Release|Any CPU
		{12AC9E6A-A36A-4D89-AAED-1EC1A8697B81}.Release|Any CPU.Build.0 = Release|Any CPU
	EndGlobalSection
	GlobalSection(SolutionProperties) = preSolution
		HideSolutionNode = FALSE
	EndGlobalSection
	GlobalSection(ExtensibilityGlobals) = postSolution
		SolutionGuid = {7B9003E2-8F06-41DC-A14E-BA8A094EEB44}
	EndGlobalSection
EndGlobal
